Microsoft Visual Studio Solution File, Format Version 12.00
# Visual Studio Version 17
VisualStudioVersion = 17.5.2.0
MinimumVisualStudioVersion = 10.0.40219.1
Project("{FAE04EC0-301F-11D3-BF4B-00C04F79EFBC}") = "GameOfLifeAPI", "GameOfLifeAPI.csproj", "{C427EBE6-4C0E-2EEE-6E42-A48899EAA9D5}"
EndProject
Global
	GlobalSection(SolutionConfigurationPlatforms) = preSolution
		Debug|Any CPU = Debug|Any CPU
		Release|Any CPU = Release|Any CPU
	EndGlobalSection
	GlobalSection(ProjectConfigurationPlatforms) = postSolution
		{C427EBE6-4C0E-2EEE-6E42-A48899EAA9D5}.Debug|Any CPU.ActiveCfg = Debug|Any CPU
		{C427EBE6-4C0E-2EEE-6E42-A48899EAA9D5}.Debug|Any CPU.Build.0 = Debug|Any CPU
		{C427EBE6-4C0E-2EEE-6E42-A48899EAA9D5}.Release|Any CPU.ActiveCfg = Release|Any CPU
		{C427EBE6-4C0E-2EEE-6E42-A48899EAA9D5}.Release|Any CPU.Build.0 = Release|Any CPU
	EndGlobalSection
	GlobalSection(SolutionProperties) = preSolution
		HideSolutionNode = FALSE
	EndGlobalSection
	GlobalSection(ExtensibilityGlobals) = postSolution
		SolutionGuid = {F5748D8A-4856-4892-8699-BD4E7613A203}
	EndGlobalSection
EndGlobal
